hash: de1617605c790fd12e925ed751947bbe6b60c8f4769b754a2796b57f4564b57e
updated: 2018-05-14T13:24:25.96363907-04:00
imports:
- name: github.com/adlio/trello
  version: 47013893283bbc3b8d98f5f612c04a18f8ef227b
- name: github.com/graph-gophers/graphql-go
  version: e698b6abc17ead17ea89d3d22a4b2625299701e3
  subpackages:
  - errors
  - internal/common
  - internal/exec
  - internal/exec/packer
  - internal/exec/resolvable
  - internal/exec/selected
  - internal/query
  - internal/schema
  - internal/validation
  - introspection
  - log
  - relay
  - trace
- name: github.com/lib/pq
  version: 88edab0803230a3898347e77b474f8c1820a1f20
  subpackages:
  - oid
- name: github.com/opentracing/opentracing-go
  version: 6c572c00d1830223701e155de97408483dfcd14a
  subpackages:
  - ext
  - log
- name: github.com/pkg/errors
  version: 816c9085562cd7ee03e7f8188a1cfd942858cded
- name: github.com/spf13/pflag
  version: 583c0c0531f06d5278b7d917446061adc344b5cd
- name: gopkg.in/yaml.v2
  version: 5420a8b6744d3b0345ab293f6fcba19c978f1183
testImports: []
