hash: c79c42f2401e8da5aaebef4f154da90e1ceb8bd5eb168fa2370bd743353e6dcc
updated: 2018-03-14T15:05:42.276784951-04:00
imports:
- name: github.com/adlio/trello
  version: 47013893283bbc3b8d98f5f612c04a18f8ef227b
- name: github.com/kolo/xmlrpc
  version: 0826b98aaa29c0766956cb40d45cf7482a597671
- name: github.com/lib/pq
  version: 88edab0803230a3898347e77b474f8c1820a1f20
- name: github.com/mfojtik/bugtraq
  version: 84d088ef03291f4fa87fd4f2c12d7872b51524ed
  subpackages:
  - bugzilla
- name: github.com/mkorenkov/bugzilla
  version: 74e9944263dc335f2223ea5ae310d99d770690c7
- name: github.com/pkg/errors
  version: 816c9085562cd7ee03e7f8188a1cfd942858cded
- name: github.com/spf13/pflag
  version: e57e3eeb33f795204c1ca35f56c44f83227c6e66
- name: gopkg.in/yaml.v2
  version: 7f97868eec74b32b0982dd158a51a446d1da7eb5
testImports: []
